// !$*UTF8*$!
{
	archiveVersion = 1;
	classes = {
	};
	objectVersion = 46;
	objects = {

/* Begin PBXBuildFile section */
		537E5F701D55CA01005060E1 /* AppDelegate.swift in Sources */ = {isa = PBXBuildFile; fileRef = 537E5F6F1D55CA01005060E1 /* AppDelegate.swift */; };
		537E5F721D55CA01005060E1 /* ViewController.swift in Sources */ = {isa = PBXBuildFile; fileRef = 537E5F711D55CA01005060E1 /* ViewController.swift */; };
		537E5F751D55CA01005060E1 /* Main.storyboard in Resources */ = {isa = PBXBuildFile; fileRef = 537E5F731D55CA01005060E1 /* Main.storyboard */; };
		537E5F771D55CA01005060E1 /* Assets.xcassets in Resources */ = {isa = PBXBuildFile; fileRef = 537E5F761D55CA01005060E1 /* Assets.xcassets */; };
		537E5F7A1D55CA01005060E1 /* LaunchScreen.storyboard in Resources */ = {isa = PBXBuildFile; fileRef = 537E5F781D55CA01005060E1 /* LaunchScreen.storyboard */; };
/* End PBXBuildFile section */

/* Begin PBXFileReference section */
		537E5F6C1D55CA01005060E1 /* finalAssessmentQ2.app */ = {isa = PBXFileReference; explicitFileType = wrapper.application; includeInIndex = 0; path = finalAssessmentQ2.app; sourceTree = BUILT_PRODUCTS_DIR; };
		537E5F6F1D55CA01005060E1 /* AppDelegate.swift */ = {isa = PBXFileReference; lastKnownFileType = sourcecode.swift; path = AppDelegate.swift; sourceTree = "<group>"; };
		537E5F711D55CA01005060E1 /* ViewController.swift */ = {isa = PBXFileReference; lastKnownFileType = sourcecode.swift; path = ViewController.swift; sourceTree = "<group>"; };
		537E5F741D55CA01005060E1 /* Base */ = {isa = PBXFileReference; lastKnownFileType = file.storyboard; name = Base; path = Base.lproj/Main.storyboard; sourceTree = "<group>"; };
		537E5F761D55CA01005060E1 /* Assets.xcassets */ = {isa = PBXFileReference; lastKnownFileType = folder.assetcatalog; path = Assets.xcassets; sourceTree = "<group>"; };
		537E5F791D55CA01005060E1 /* Base */ = {isa = PBXFileReference; lastKnownFileType = file.storyboard; name = Base; path = Base.lproj/LaunchScreen.storyboard; sourceTree = "<group>"; };
		537E5F7B1D55CA01005060E1 /* Info.plist */ = {isa = PBXFileReference; lastKnownFileType = text.plist.xml; path = Info.plist; sourceTree = "<group>"; };
/* End PBXFileReference section */

/* Begin PBXFrameworksBuildPhase section */
		537E5F691D55CA01005060E1 /* Frameworks */ = {
			isa = PBXFrameworksBuildPhase;
			buildActionMask = 2147483647;
			files = (
			);
			runOnlyForDeploymentPostprocessing = 0;
		};
/* End PBXFrameworksBuildPhase section */

/* Begin PBXGroup section */
		537E5F631D55CA01005060E1 = {
			isa = PBXGroup;
			children = (
				537E5F6E1D55CA01005060E1 /* finalAssessmentQ2 */,
				537E5F6D1D55CA01005060E1 /* Products */,
			);
			sourceTree = "<group>";
		};
		537E5F6D1D55CA01005060E1 /* Products */ = {
			isa = PBXGroup;
			children = (
				537E5F6C1D55CA01005060E1 /* finalAssessmentQ2.app */,
			);
			name = Products;
			sourceTree = "<group>";
		};
		537E5F6E1D55CA01005060E1 /* finalAssessmentQ2 */ = {
			isa = PBXGroup;
			children = (
				537E5F6F1D55CA01005060E1 /* AppDelegate.swift */,
				537E5F711D55CA01005060E1 /* ViewController.swift */,
				537E5F731D55CA01005060E1 /* Main.storyboard */,
				537E5F761D55CA01005060E1 /* Assets.xcassets */,
				537E5F781D55CA01005060E1 /* LaunchScreen.storyboard */,
				537E5F7B1D55CA01005060E1 /* Info.plist */,
			);
			path = finalAssessmentQ2;
			sourceTree = "<group>";
		};
/* End PBXGroup section */

/* Begin PBXNativeTarget section */
		537E5F6B1D55CA01005060E1 /* finalAssessmentQ2 */ = {
			isa = PBXNativeTarget;
			buildConfigurationList = 537E5F7E1D55CA01005060E1 /* Build configuration list for PBXNativeTarget "finalAssessmentQ2" */;
			buildPhases = (
				537E5F681D55CA01005060E1 /* Sources */,
				537E5F691D55CA01005060E1 /* Frameworks */,
				537E5F6A1D55CA01005060E1 /* Resources */,
			);
			buildRules = (
			);
			dependencies = (
			);
			name = finalAssessmentQ2;
			productName = finalAssessmentQ2;
			productReference = 537E5F6C1D55CA01005060E1 /* finalAssessmentQ2.app */;
			productType = "com.apple.product-type.application";
		};
/* End PBXNativeTarget section */

/* Begin PBXProject section */
		537E5F641D55CA01005060E1 /* Project object */ = {
			isa = PBXProject;
			attributes = {
				LastSwiftUpdateCheck = 0730;
				LastUpgradeCheck = 0730;
				ORGANIZATIONNAME = AlphaCamp;
				TargetAttributes = {
					537E5F6B1D55CA01005060E1 = {
						CreatedOnToolsVersion = 7.3.1;
					};
				};
			};
			buildConfigurationList = 537E5F671D55CA01005060E1 /* Build configuration list for PBXProject "finalAssessmentQ2" */;
			compatibilityVersion = "Xcode 3.2";
			developmentRegion = English;
			hasScannedForEncodings = 0;
			knownRegions = (
				en,
				Base,
			);
			mainGroup = 537E5F631D55CA01005060E1;
			productRefGroup = 537E5F6D1D55CA01005060E1 /* Products */;
			projectDirPath = "";
			projectRoot = "";
			targets = (
				537E5F6B1D55CA01005060E1 /* finalAssessmentQ2 */,
			);
		};
/* End PBXProject section */

/* Begin PBXResourcesBuildPhase section */
		537E5F6A1D55CA01005060E1 /* Resources */ = {
			isa = PBXResourcesBuildPhase;
			buildActionMask = 2147483647;
			files = (
				537E5F7A1D55CA01005060E1 /* LaunchScreen.storyboard in Resources */,
				537E5F771D55CA01005060E1 /* Assets.xcassets in Resources */,
				537E5F751D55CA01005060E1 /* Main.storyboard in Resources */,
			);
			runOnlyForDeploymentPostprocessing = 0;
		};
/* End PBXResourcesBuildPhase section */

/* Begin PBXSourcesBuildPhase section */
		537E5F681D55CA01005060E1 /* Sources */ = {
			isa = PBXSourcesBuildPhase;
			buildActionMask = 2147483647;
			files = (
				537E5F721D55CA01005060E1 /* ViewController.swift in Sources */,
				537E5F701D55CA01005060E1 /* AppDelegate.swift in Sources */,
			);
			runOnlyForDeploymentPostprocessing = 0;
		};
/* End PBXSourcesBuildPhase section */

/* Begin PBXVariantGroup section */
		537E5F731D55CA01005060E1 /* Main.storyboard */ = {
			isa = PBXVariantGroup;
			children = (
				537E5F741D55CA01005060E1 /* Base */,
			);
			name = Main.storyboard;
			sourceTree = "<group>";
		};
		537E5F781D55CA01005060E1 /* LaunchScreen.storyboard */ = {
			isa = PBXVariantGroup;
			children = (
				537E5F791D55CA01005060E1 /* Base */,
			);
			name = LaunchScreen.storyboard;
			sourceTree = "<group>";
		};
/* End PBXVariantGroup section */

/* Begin XCBuildConfiguration section */
		537E5F7C1D55CA01005060E1 /* Debug */ = {
			isa = XCBuildConfiguration;
			buildSettings = {
				ALWAYS_SEARCH_USER_PATHS = NO;
				CLANG_ANALYZER_NONNULL = YES;
				CLANG_CXX_LANGUAGE_STANDARD = "gnu++0x";
				CLANG_CXX_LIBRARY = "libc++";
				CLANG_ENABLE_MODULES = YES;
				CLANG_ENABLE_OBJC_ARC = YES;
				CLANG_WARN_BOOL_CONVERSION = YES;
				CLANG_WARN_CONSTANT_CONVERSION = YES;
				CLANG_WARN_DIRECT_OBJC_ISA_USAGE = YES_ERROR;
				CLANG_WARN_EMPTY_BODY = YES;
				CLANG_WARN_ENUM_CONVERSION = YES;
				CLANG_WARN_INT_CONVERSION = YES;
				CLANG_WARN_OBJC_ROOT_CLASS = YES_ERROR;
				CLANG_WARN_UNREACHABLE_CODE = YES;
				CLANG_WARN__DUPLICATE_METHOD_MATCH = YES;
				"CODE_SIGN_IDENTITY[sdk=iphoneos*]" = "iPhone Developer";
				COPY_PHASE_STRIP = NO;
				DEBUG_INFORMATION_FORMAT = dwarf;
				ENABLE_STRICT_OBJC_MSGSEND = YES;
				ENABLE_TESTABILITY = YES;
				GCC_C_LANGUAGE_STANDARD = gnu99;
				GCC_DYNAMIC_NO_PIC = NO;
				GCC_NO_COMMON_BLOCKS = YES;
				GCC_OPTIMIZATION_LEVEL = 0;
				GCC_PREPROCESSOR_DEFINITIONS = (
					"DEBUG=1",
					"$(inherited)",
				);
				GCC_WARN_64_TO_32_BIT_CONVERSION = YES;
				GCC_WARN_ABOUT_RETURN_TYPE = YES_ERROR;
				GCC_WARN_UNDECLARED_SELECTOR = YES;
				GCC_WARN_UNINITIALIZED_AUTOS = YES_AGGRESSIVE;
				GCC_WARN_UNUSED_FUNCTION = YES;
				GCC_WARN_UNUSED_VARIABLE = YES;
				IPHONEOS_DEPLOYMENT_TARGET = 9.3;
				MTL_ENABLE_DEBUG_INFO = YES;
				ONLY_ACTIVE_ARCH = YES;
				SDKROOT = iphoneos;
				SWIFT_OPTIMIZATION_LEVEL = "-Onone";
				TARGETED_DEVICE_FAMILY = "1,2";
			};
			name = Debug;
		};
		537E5F7D1D55CA01005060E1 /* Release */ = {
			isa = XCBuildConfiguration;
			buildSettings = {
				ALWAYS_SEARCH_USER_PATHS = NO;
				CLANG_ANALYZER_NONNULL = YES;
				CLANG_CXX_LANGUAGE_STANDARD = "gnu++0x";
				CLANG_CXX_LIBRARY = "libc++";
				CLANG_ENABLE_MODULES = YES;
				CLANG_ENABLE_OBJC_ARC = YES;
				CLANG_WARN_BOOL_CONVERSION = YES;
				CLANG_WARN_CONSTANT_CONVERSION = YES;
				CLANG_WARN_DIRECT_OBJC_ISA_USAGE = YES_ERROR;
				CLANG_WARN_EMPTY_BODY = YES;
				CLANG_WARN_ENUM_CONVERSION = YES;
				CLANG_WARN_INT_CONVERSION = YES;
				CLANG_WARN_OBJC_ROOT_CLASS = YES_ERROR;
				CLANG_WARN_UNREACHABLE_CODE = YES;
				CLANG_WARN__DUPLICATE_METHOD_MATCH = YES;
				"CODE_SIGN_IDENTITY[sdk=iphoneos*]" = "iPhone Developer";
				COPY_PHASE_STRIP = NO;
				DEBUG_INFORMATION_FORMAT = "dwarf-with-dsym";
				ENABLE_NS_ASSERTIONS = NO;
				ENABLE_STRICT_OBJC_MSGSEND = YES;
				GCC_C_LANGUAGE_STANDARD = gnu99;
				GCC_NO_COMMON_BLOCKS = YES;
				GCC_WARN_64_TO_32_BIT_CONVERSION = YES;
				GCC_WARN_ABOUT_RETURN_TYPE = YES_ERROR;
				GCC_WARN_UNDECLARED_SELECTOR = YES;
				GCC_WARN_UNINITIALIZED_AUTOS = YES_AGGRESSIVE;
				GCC_WARN_UNUSED_FUNCTION = YES;
				GCC_WARN_UNUSED_VARIABLE = YES;
				IPHONEOS_DEPLOYMENT_TARGET = 9.3;
				MTL_ENABLE_DEBUG_INFO = NO;
				SDKROOT = iphoneos;
				TARGETED_DEVICE_FAMILY = "1,2";
				VALIDATE_PRODUCT = YES;
			};
			name = Release;
		};
		537E5F7F1D55CA01005060E1 /* Debug */ = {
			isa = XCBuildConfiguration;
			buildSettings = {
				ASSETCATALOG_COMPILER_APPICON_NAME = AppIcon;
				INFOPLIST_FILE = finalAssessmentQ2/Info.plist;
				LD_RUNPATH_SEARCH_PATHS = "$(inherited) @executable_path/Frameworks";
				PRODUCT_BUNDLE_IDENTIFIER = "co.Alpha-camp.finalAssessmentQ2";
				PRODUCT_NAME = "$(TARGET_NAME)";
			};
			name = Debug;
		};
		537E5F801D55CA01005060E1 /* Release */ = {
			isa = XCBuildConfiguration;
			buildSettings = {
				ASSETCATALOG_COMPILER_APPICON_NAME = AppIcon;
				INFOPLIST_FILE = finalAssessmentQ2/Info.plist;
				LD_RUNPATH_SEARCH_PATHS = "$(inherited) @executable_path/Frameworks";
				PRODUCT_BUNDLE_IDENTIFIER = "co.Alpha-camp.finalAssessmentQ2";
				PRODUCT_NAME = "$(TARGET_NAME)";
			};
			name = Release;
		};
/* End XCBuildConfiguration section */

/* Begin XCConfigurationList section */
		537E5F671D55CA01005060E1 /* Build configuration list for PBXProject "finalAssessmentQ2" */ = {
			isa = XCConfigurationList;
			buildConfigurations = (
				537E5F7C1D55CA01005060E1 /* Debug */,
				537E5F7D1D55CA01005060E1 /* Release */,
			);
			defaultConfigurationIsVisible = 0;
			defaultConfigurationName = Release;
		};
		537E5F7E1D55CA01005060E1 /* Build configuration list for PBXNativeTarget "finalAssessmentQ2" */ = {
			isa = XCConfigurationList;
			buildConfigurations = (
				537E5F7F1D55CA01005060E1 /* Debug */,
				537E5F801D55CA01005060E1 /* Release */,
			);
			defaultConfigurationIsVisible = 0;
		};
/* End XCConfigurationList section */
	};
	rootObject = 537E5F641D55CA01005060E1 /* Project object */;
}
